
Microsoft Visual Studio Solution File, Format Version 12.00
# Visual Studio Version 17
VisualStudioVersion = 17.9.34728.123
MinimumVisualStudioVersion = 10.0.40219.1
Project("{9A19103F-16F7-4668-BE54-9A1E7A4F7556}") = "WebApi.Bff", "WebApi.Bff.csproj", "{84E824FD-9552-45F9-B39D-36C08E236E84}"
EndProject
Project("{9A19103F-16F7-4668-BE54-9A1E7A4F7556}") = "WebApi", "..\WebApi2\WebApi.csproj", "{FD7F3CAD-D561-47AB-8D40-A314EBDB2151}"
EndProject
Global
	GlobalSection(SolutionConfigurationPlatforms) = preSolution
		Debug|Any CPU = Debug|Any CPU
		Release|Any CPU = Release|Any CPU
	EndGlobalSection
	GlobalSection(ProjectConfigurationPlatforms) = postSolution
		{84E824FD-9552-45F9-B39D-36C08E236E84}.Debug|Any CPU.ActiveCfg = Debug|Any CPU
		{84E824FD-9552-45F9-B39D-36C08E236E84}.Debug|Any CPU.Build.0 = Debug|Any CPU
		{84E824FD-9552-45F9-B39D-36C08E236E84}.Release|Any CPU.ActiveCfg = Release|Any CPU
		{84E824FD-9552-45F9-B39D-36C08E236E84}.Release|Any CPU.Build.0 = Release|Any CPU
		{FD7F3CAD-D561-47AB-8D40-A314EBDB2151}.Debug|Any CPU.ActiveCfg = Debug|Any CPU
		{FD7F3CAD-D561-47AB-8D40-A314EBDB2151}.Debug|Any CPU.Build.0 = Debug|Any CPU
		{FD7F3CAD-D561-47AB-8D40-A314EBDB2151}.Release|Any CPU.ActiveCfg = Release|Any CPU
		{FD7F3CAD-D561-47AB-8D40-A314EBDB2151}.Release|Any CPU.Build.0 = Release|Any CPU
	EndGlobalSection
	GlobalSection(SolutionProperties) = preSolution
		HideSolutionNode = FALSE
	EndGlobalSection
	GlobalSection(ExtensibilityGlobals) = postSolution
		SolutionGuid = {78A417F0-D640-4211-81B5-923E6EFECD2C}
	EndGlobalSection
EndGlobal
